{
  "name": "DFTemplateMatch",
  "lockfileVersion": 3,
  "requires": true,
  "packages": {
    "": {
      "devDependencies": {
        "@napi-rs/canvas": "^0.1.40"
      }
    },
    "node_modules/@napi-rs/canvas": {
      "version": "0.1.40",
      "resolved": "https://registry.npmjs.org/@napi-rs/canvas/-/canvas-0.1.40.tgz",
      "integrity": "sha512-6yC43yUAclXeChZEeMTZNN3sSloHUZG8gdMvbanboVREcUYZWRPAuSl5iitm/UemUEv3tk+6l3ZPkEsdmRgCOA==",
      "dev": true,
      "engines": {
        "node": ">= 10"
      },
      "optionalDependencies": {
        "@napi-rs/canvas-android-arm64": "0.1.40",
        "@napi-rs/canvas-darwin-arm64": "0.1.40",
        "@napi-rs/canvas-darwin-x64": "0.1.40",
        "@napi-rs/canvas-linux-arm-gnueabihf": "0.1.40",
        "@napi-rs/canvas-linux-arm64-gnu": "0.1.40",
        "@napi-rs/canvas-linux-arm64-musl": "0.1.40",
        "@napi-rs/canvas-linux-x64-gnu": "0.1.40",
        "@napi-rs/canvas-linux-x64-musl": "0.1.40",
        "@napi-rs/canvas-win32-x64-msvc": "0.1.40"
      }
    },
    "node_modules/@napi-rs/canvas-android-arm64": {
      "version": "0.1.40",
      "resolved": "https://registry.npmjs.org/@napi-rs/canvas-android-arm64/-/canvas-android-arm64-0.1.40.tgz",
      "integrity": "sha512-98WNQWr6nRThV9ot4tI1Aevo020Qg3WP3NVH0Ko+7Ba6Rh7xd5XDCYgxlATFL0IlBSRm7z6BbgT820tPJh+MYQ==",
      "cpu": [
        "arm64"
      ],
      "dev": true,
      "optional": true,
      "os": [
        "android"
      ],
      "engines": {
        "node": ">= 10"
      }
    },
    "node_modules/@napi-rs/canvas-darwin-arm64": {
      "version": "0.1.40",
      "resolved": "https://registry.npmjs.org/@napi-rs/canvas-darwin-arm64/-/canvas-darwin-arm64-0.1.40.tgz",
      "integrity": "sha512-RoJQaZyJCBFGEm6H7sXyjzcYoothIvENyEuyMqVgI26NAOIdHefwQn/i/gtMnLDmOaT8afrYQbRwio4vNp1RHw==",
      "cpu": [
        "arm64"
      ],
      "dev": true,
      "optional": true,
      "os": [
        "darwin"
      ],
      "engines": {
        "node": ">= 10"
      }
    },
    "node_modules/@napi-rs/canvas-darwin-x64": {
      "version": "0.1.40",
      "resolved": "https://registry.npmjs.org/@napi-rs/canvas-darwin-x64/-/canvas-darwin-x64-0.1.40.tgz",
      "integrity": "sha512-JqspMa5Ri2k5OKpTMMetpSVNQXEw/UAB3VhxsGQVHN6fi9oDopnuuLCxT0W/CA2aVQvZ1kH4Bsdyje98gSRDOw==",
      "cpu": [
        "x64"
      ],
      "dev": true,
      "optional": true,
      "os": [
        "darwin"
      ],
      "engines": {
        "node": ">= 10"
      }
    },
    "node_modules/@napi-rs/canvas-linux-arm-gnueabihf": {
      "version": "0.1.40",
      "resolved": "https://registry.npmjs.org/@napi-rs/canvas-linux-arm-gnueabihf/-/canvas-linux-arm-gnueabihf-0.1.40.tgz",
      "integrity": "sha512-D8xURVkRlJ5r5wCjF4PFQjFGmNqyYWqDAdM7EMXWBfg02tIx09oOMtxm57ivs5iJYEdnjlIxpKvz1KZaGu9tKw==",
      "cpu": [
        "arm"
      ],
      "dev": true,
      "optional": true,
      "os": [
        "linux"
      ],
      "engines": {
        "node": ">= 10"
      }
    },
    "node_modules/@napi-rs/canvas-linux-arm64-gnu": {
      "version": "0.1.40",
      "resolved": "https://registry.npmjs.org/@napi-rs/canvas-linux-arm64-gnu/-/canvas-linux-arm64-gnu-0.1.40.tgz",
      "integrity": "sha512-xWVdBAiK5AubwzQTD/tmhJQb5eMYgjeIFZvCGke0hgyn5haun+U7InX4egvDo9VkDRmYz+/EUAPTjh3lsm7U5w==",
      "cpu": [
        "arm64"
      ],
      "dev": true,
      "hasInstallScript": true,
      "optional": true,
      "os": [
        "linux"
      ],
      "engines": {
        "node": ">= 10"
      }
    },
    "node_modules/@napi-rs/canvas-linux-arm64-musl": {
      "version": "0.1.40",
      "resolved": "https://registry.npmjs.org/@napi-rs/canvas-linux-arm64-musl/-/canvas-linux-arm64-musl-0.1.40.tgz",
      "integrity": "sha512-yPHrJigBj+ad83fuLirOdFsjfISkY7iJmO1HxuE78uwttHQA1KX32xsvFrg4KmVoXTX0wCAEnENlRnW8urr7LA==",
      "cpu": [
        "arm64"
      ],
      "dev": true,
      "hasInstallScript": true,
      "optional": true,
      "os": [
        "linux"
      ],
      "engines": {
        "node": ">= 10"
      }
    },
    "node_modules/@napi-rs/canvas-linux-x64-gnu": {
      "version": "0.1.40",
      "resolved": "https://registry.npmjs.org/@napi-rs/canvas-linux-x64-gnu/-/canvas-linux-x64-gnu-0.1.40.tgz",
      "integrity": "sha512-TC62vdnNxkrAtMyiTGZhrKSqTVV1mV+EBK/76hxNpGLtj+eHXLmD3B+PaM1iXshMJ9ueU+SCzq9Q7sora9docw==",
      "cpu": [
        "x64"
      ],
      "dev": true,
      "hasInstallScript": true,
      "optional": true,
      "os": [
        "linux"
      ],
      "engines": {
        "node": ">= 10"
      }
    },
    "node_modules/@napi-rs/canvas-linux-x64-musl": {
      "version": "0.1.40",
      "resolved": "https://registry.npmjs.org/@napi-rs/canvas-linux-x64-musl/-/canvas-linux-x64-musl-0.1.40.tgz",
      "integrity": "sha512-C6mr9MADSFq10FRRwWmPhh7vMpYfJH+RX7bWoBks5I72LxdtvqTEiD/ssBbMET9HxkT7WOv4Tbhf5EHII9qBeQ==",
      "cpu": [
        "x64"
      ],
      "dev": true,
      "hasInstallScript": true,
      "optional": true,
      "os": [
        "linux"
      ],
      "engines": {
        "node": ">= 10"
      }
    },
    "node_modules/@napi-rs/canvas-win32-x64-msvc": {
      "version": "0.1.40",
      "resolved": "https://registry.npmjs.org/@napi-rs/canvas-win32-x64-msvc/-/canvas-win32-x64-msvc-0.1.40.tgz",
      "integrity": "sha512-TaxpeQXmSaI7Gz8ygUGlF6GnWqttZ1SL6qm0HrFu0gjhYQioHqVZ0a9k1yUcMVSCx3qxjy12Jf/tW2x7PCwhuQ==",
      "cpu": [
        "x64"
      ],
      "dev": true,
      "optional": true,
      "os": [
        "win32"
      ],
      "engines": {
        "node": ">= 10"
      }
    }
  }
}
